# THIS IS AN AUTOGENERATED FILE. DO NOT EDIT THIS FILE DIRECTLY.
# yarn lockfile v1


"@aws-crypto/crc32@3.0.0":
  version "3.0.0"
  resolved "https://registry.yarnpkg.com/@aws-crypto/crc32/-/crc32-3.0.0.tgz#07300eca214409c33e3ff769cd5697b57fdd38fa"
  integrity sha512-IzSgsrxUcsrejQbPVilIKy16kAT52EwB6zSaI+M3xxIhKh5+aldEyvI+z6erM7TCLB2BJsFrtHjp6/4/sr+3dA==
  dependencies:
    "@aws-crypto/util" "^3.0.0"
    "@aws-sdk/types" "^3.222.0"
    tslib "^1.11.1"

"@aws-crypto/ie11-detection@^3.0.0":
  version "3.0.0"
  resolved "https://registry.yarnpkg.com/@aws-crypto/ie11-detection/-/ie11-detection-3.0.0.tgz#640ae66b4ec3395cee6a8e94ebcd9f80c24cd688"
  integrity sha512-341lBBkiY1DfDNKai/wXM3aujNBkXR7tq1URPQDL9wi3AUbI80NR74uF1TXHMm7po1AcnFk8iu2S2IeU/+/A+Q==
  dependencies:
    tslib "^1.11.1"

"@aws-crypto/sha256-browser@3.0.0":
  version "3.0.0"
  resolved "https://registry.yarnpkg.com/@aws-crypto/sha256-browser/-/sha256-browser-3.0.0.tgz#05f160138ab893f1c6ba5be57cfd108f05827766"
  integrity sha512-8VLmW2B+gjFbU5uMeqtQM6Nj0/F1bro80xQXCW6CQBWgosFWXTx77aeOF5CAIAmbOK64SdMBJdNr6J41yP5mvQ==
  dependencies:
    "@aws-crypto/ie11-detection" "^3.0.0"
    "@aws-crypto/sha256-js" "^3.0.0"
    "@aws-crypto/supports-web-crypto" "^3.0.0"
    "@aws-crypto/util" "^3.0.0"
    "@aws-sdk/types" "^3.222.0"
    "@aws-sdk/util-locate-window" "^3.0.0"
    "@aws-sdk/util-utf8-browser" "^3.0.0"
    tslib "^1.11.1"

"@aws-crypto/sha256-js@3.0.0", "@aws-crypto/sha256-js@^3.0.0":
  version "3.0.0"
  resolved "https://registry.yarnpkg.com/@aws-crypto/sha256-js/-/sha256-js-3.0.0.tgz#f06b84d550d25521e60d2a0e2a90139341e007c2"
  integrity sha512-PnNN7os0+yd1XvXAy23CFOmTbMaDxgxXtTKHybrJ39Y8kGzBATgBFibWJKH6BhytLI/Zyszs87xCOBNyBig6vQ==
  dependencies:
    "@aws-crypto/util" "^3.0.0"
    "@aws-sdk/types" "^3.222.0"
    tslib "^1.11.1"

"@aws-crypto/supports-web-crypto@^3.0.0":
  version "3.0.0"
  resolved "https://registry.yarnpkg.com/@aws-crypto/supports-web-crypto/-/supports-web-crypto-3.0.0.tgz#5d1bf825afa8072af2717c3e455f35cda0103ec2"
  integrity sha512-06hBdMwUAb2WFTuGG73LSC0wfPu93xWwo5vL2et9eymgmu3Id5vFAHBbajVWiGhPO37qcsdCap/FqXvJGJWPIg==
  dependencies:
    tslib "^1.11.1"

"@aws-crypto/util@^3.0.0":
  version "3.0.0"
  resolved "https://registry.yarnpkg.com/@aws-crypto/util/-/util-3.0.0.tgz#1c7ca90c29293f0883468ad48117937f0fe5bfb0"
  integrity sha512-2OJlpeJpCR48CC8r+uKVChzs9Iungj9wkZrl8Z041DWEWvyIHILYKCPNzJghKsivj+S3mLo6BVc7mBNzdxA46w==
  dependencies:
    "@aws-sdk/types" "^3.222.0"
    "@aws-sdk/util-utf8-browser" "^3.0.0"
    tslib "^1.11.1"

"@aws-sdk/client-dynamodb@^3.438.0":
  version "3.438.0"
  resolved "https://registry.yarnpkg.com/@aws-sdk/client-dynamodb/-/client-dynamodb-3.438.0.tgz#11d7416d45406a7c9f843a29cb348b5a542fd887"
  integrity sha512-LBKYjMezMRsxXP1BDnav/rUpwTOXrnD8OQKeYMbVfH0mmCDwd7Ac0cMyRM1c14sdm6Rr0gOCHIZ3Mjbup9r27Q==
  dependencies:
    "@aws-crypto/sha256-browser" "3.0.0"
    "@aws-crypto/sha256-js" "3.0.0"
    "@aws-sdk/client-sts" "3.438.0"
    "@aws-sdk/core" "3.436.0"
    "@aws-sdk/credential-provider-node" "3.438.0"
    "@aws-sdk/middleware-endpoint-discovery" "3.433.0"
    "@aws-sdk/middleware-host-header" "3.433.0"
    "@aws-sdk/middleware-logger" "3.433.0"
    "@aws-sdk/middleware-recursion-detection" "3.433.0"
    "@aws-sdk/middleware-signing" "3.433.0"
    "@aws-sdk/middleware-user-agent" "3.438.0"
    "@aws-sdk/region-config-resolver" "3.433.0"
    "@aws-sdk/types" "3.433.0"
    "@aws-sdk/util-endpoints" "3.438.0"
    "@aws-sdk/util-user-agent-browser" "3.433.0"
    "@aws-sdk/util-user-agent-node" "3.437.0"
    "@smithy/config-resolver" "^2.0.16"
    "@smithy/fetch-http-handler" "^2.2.4"
    "@smithy/hash-node" "^2.0.12"
    "@smithy/invalid-dependency" "^2.0.12"
    "@smithy/middleware-content-length" "^2.0.14"
    "@smithy/middleware-endpoint" "^2.1.3"
    "@smithy/middleware-retry" "^2.0.18"
    "@smithy/middleware-serde" "^2.0.12"
    "@smithy/middleware-stack" "^2.0.6"
    "@smithy/node-config-provider" "^2.1.3"
    "@smithy/node-http-handler" "^2.1.8"
    "@smithy/protocol-http" "^3.0.8"
    "@smithy/smithy-client" "^2.1.12"
    "@smithy/types" "^2.4.0"
    "@smithy/url-parser" "^2.0.12"
    "@smithy/util-base64" "^2.0.0"
    "@smithy/util-body-length-browser" "^2.0.0"
    "@smithy/util-body-length-node" "^2.1.0"
    "@smithy/util-defaults-mode-browser" "^2.0.16"
    "@smithy/util-defaults-mode-node" "^2.0.21"
    "@smithy/util-endpoints" "^1.0.2"
    "@smithy/util-retry" "^2.0.5"
    "@smithy/util-utf8" "^2.0.0"
    "@smithy/util-waiter" "^2.0.12"
    tslib "^2.5.0"
    uuid "^8.3.2"

"@aws-sdk/client-sso@3.438.0":
  version "3.438.0"
  resolved "https://registry.yarnpkg.com/@aws-sdk/client-sso/-/client-sso-3.438.0.tgz#2a48cc7f03c5858796053b09cd0b1480e067a5ce"
  integrity sha512-L/xKq+K78PShLku8x5gM6lZDUp7LhFJ2ksKH7Vll+exSZq+QUaxuzjp4gqdzh6B0oIshv2jssQlUa0ScOmVRMg==
  dependencies:
    "@aws-crypto/sha256-browser" "3.0.0"
    "@aws-crypto/sha256-js" "3.0.0"
    "@aws-sdk/core" "3.436.0"
    "@aws-sdk/middleware-host-header" "3.433.0"
    "@aws-sdk/middleware-logger" "3.433.0"
    "@aws-sdk/middleware-recursion-detection" "3.433.0"
    "@aws-sdk/middleware-user-agent" "3.438.0"
    "@aws-sdk/region-config-resolver" "3.433.0"
    "@aws-sdk/types" "3.433.0"
    "@aws-sdk/util-endpoints" "3.438.0"
    "@aws-sdk/util-user-agent-browser" "3.433.0"
    "@aws-sdk/util-user-agent-node" "3.437.0"
    "@smithy/config-resolver" "^2.0.16"
    "@smithy/fetch-http-handler" "^2.2.4"
    "@smithy/hash-node" "^2.0.12"
    "@smithy/invalid-dependency" "^2.0.12"
    "@smithy/middleware-content-length" "^2.0.14"
    "@smithy/middleware-endpoint" "^2.1.3"
    "@smithy/middleware-retry" "^2.0.18"
    "@smithy/middleware-serde" "^2.0.12"
    "@smithy/middleware-stack" "^2.0.6"
    "@smithy/node-config-provider" "^2.1.3"
    "@smithy/node-http-handler" "^2.1.8"
    "@smithy/protocol-http" "^3.0.8"
    "@smithy/smithy-client" "^2.1.12"
    "@smithy/types" "^2.4.0"
    "@smithy/url-parser" "^2.0.12"
    "@smithy/util-base64" "^2.0.0"
    "@smithy/util-body-length-browser" "^2.0.0"
    "@smithy/util-body-length-node" "^2.1.0"
    "@smithy/util-defaults-mode-browser" "^2.0.16"
    "@smithy/util-defaults-mode-node" "^2.0.21"
    "@smithy/util-endpoints" "^1.0.2"
    "@smithy/util-retry" "^2.0.5"
    "@smithy/util-utf8" "^2.0.0"
    tslib "^2.5.0"

"@aws-sdk/client-sts@3.438.0":
  version "3.438.0"
  resolved "https://registry.yarnpkg.com/@aws-sdk/client-sts/-/client-sts-3.438.0.tgz#d4a961d4a689035ca66cf2fd1f72ce89c6aca5c7"
  integrity sha512-UBxLZKVVvbR4LHwSNSqaKx22YBSOGkavrh4SyDP8o8XOlXeRxTCllfSfjL9K5Mktp+ZwQ2NiubNcwmvUcGKbbg==
  dependencies:
    "@aws-crypto/sha256-browser" "3.0.0"
    "@aws-crypto/sha256-js" "3.0.0"
    "@aws-sdk/core" "3.436.0"
    "@aws-sdk/credential-provider-node" "3.438.0"
    "@aws-sdk/middleware-host-header" "3.433.0"
    "@aws-sdk/middleware-logger" "3.433.0"
    "@aws-sdk/middleware-recursion-detection" "3.433.0"
    "@aws-sdk/middleware-sdk-sts" "3.433.0"
    "@aws-sdk/middleware-signing" "3.433.0"
    "@aws-sdk/middleware-user-agent" "3.438.0"
    "@aws-sdk/region-config-resolver" "3.433.0"
    "@aws-sdk/types" "3.433.0"
    "@aws-sdk/util-endpoints" "3.438.0"
    "@aws-sdk/util-user-agent-browser" "3.433.0"
    "@aws-sdk/util-user-agent-node" "3.437.0"
    "@smithy/config-resolver" "^2.0.16"
    "@smithy/fetch-http-handler" "^2.2.4"
    "@smithy/hash-node" "^2.0.12"
    "@smithy/invalid-dependency" "^2.0.12"
    "@smithy/middleware-content-length" "^2.0.14"
    "@smithy/middleware-endpoint" "^2.1.3"
    "@smithy/middleware-retry" "^2.0.18"
    "@smithy/middleware-serde" "^2.0.12"
    "@smithy/middleware-stack" "^2.0.6"
    "@smithy/node-config-provider" "^2.1.3"
    "@smithy/node-http-handler" "^2.1.8"
    "@smithy/protocol-http" "^3.0.8"
    "@smithy/smithy-client" "^2.1.12"
    "@smithy/types" "^2.4.0"
    "@smithy/url-parser" "^2.0.12"
    "@smithy/util-base64" "^2.0.0"
    "@smithy/util-body-length-browser" "^2.0.0"
    "@smithy/util-body-length-node" "^2.1.0"
    "@smithy/util-defaults-mode-browser" "^2.0.16"
    "@smithy/util-defaults-mode-node" "^2.0.21"
    "@smithy/util-endpoints" "^1.0.2"
    "@smithy/util-retry" "^2.0.5"
    "@smithy/util-utf8" "^2.0.0"
    fast-xml-parser "4.2.5"
    tslib "^2.5.0"

"@aws-sdk/core@3.436.0":
  version "3.436.0"
  resolved "https://registry.yarnpkg.com/@aws-sdk/core/-/core-3.436.0.tgz#d85ecde9ac524a8f3cfe7e29b9e16942d7291723"
  integrity sha512-vX5/LjXvCejC2XUY6TSg1oozjqK6BvkE75t0ys9dgqyr5PlZyZksMoeAFHUlj0sCjhT3ziWCujP1oiSpPWY9hg==
  dependencies:
    "@smithy/smithy-client" "^2.1.12"

"@aws-sdk/credential-provider-env@3.433.0":
  version "3.433.0"
  resolved "https://registry.yarnpkg.com/@aws-sdk/credential-provider-env/-/credential-provider-env-3.433.0.tgz#7cceca1002ba2e79e10a9dfb119442bea7b88e7c"
  integrity sha512-Vl7Qz5qYyxBurMn6hfSiNJeUHSqfVUlMt0C1Bds3tCkl3IzecRWwyBOlxtxO3VCrgVeW3HqswLzCvhAFzPH6nQ==
  dependencies:
    "@aws-sdk/types" "3.433.0"
    "@smithy/property-provider" "^2.0.0"
    "@smithy/types" "^2.4.0"
    tslib "^2.5.0"

"@aws-sdk/credential-provider-ini@3.438.0":
  version "3.438.0"
  resolved "https://registry.yarnpkg.com/@aws-sdk/credential-provider-ini/-/credential-provider-ini-3.438.0.tgz#845b09d2996e235d125a148aa8eca2f448d0d48e"
  integrity sha512-WYPQR3pXoHJjn9/RMWipUhsUNFy6zhOiII6u8LJ5w84aNqIjV4+BdRYztRNGJD98jdtekhbkX0YKoSuZqP+unQ==
  dependencies:
    "@aws-sdk/credential-provider-env" "3.433.0"
    "@aws-sdk/credential-provider-process" "3.433.0"
    "@aws-sdk/credential-provider-sso" "3.438.0"
    "@aws-sdk/credential-provider-web-identity" "3.433.0"
    "@aws-sdk/types" "3.433.0"
    "@smithy/credential-provider-imds" "^2.0.0"
    "@smithy/property-provider" "^2.0.0"
    "@smithy/shared-ini-file-loader" "^2.0.6"
    "@smithy/types" "^2.4.0"
    tslib "^2.5.0"

"@aws-sdk/credential-provider-node@3.438.0":
  version "3.438.0"
  resolved "https://registry.yarnpkg.com/@aws-sdk/credential-provider-node/-/credential-provider-node-3.438.0.tgz#dfe72b8d580c70ed5b807741111be09dfe5aa5ae"
  integrity sha512-uaw3D2R0svyrC32qyZ2aOv/l0AT9eClh+eQsZJTQD3Kz9q+2VdeOBThQ8fsMfRtm26nUbZo6A/CRwxkm6okI+w==
  dependencies:
    "@aws-sdk/credential-provider-env" "3.433.0"
    "@aws-sdk/credential-provider-ini" "3.438.0"
    "@aws-sdk/credential-provider-process" "3.433.0"
    "@aws-sdk/credential-provider-sso" "3.438.0"
    "@aws-sdk/credential-provider-web-identity" "3.433.0"
    "@aws-sdk/types" "3.433.0"
    "@smithy/credential-provider-imds" "^2.0.0"
    "@smithy/property-provider" "^2.0.0"
    "@smithy/shared-ini-file-loader" "^2.0.6"
    "@smithy/types" "^2.4.0"
    tslib "^2.5.0"

"@aws-sdk/credential-provider-process@3.433.0":
  version "3.433.0"
  resolved "https://registry.yarnpkg.com/@aws-sdk/credential-provider-process/-/credential-provider-process-3.433.0.tgz#dd51c92480ed620e4c3f989852ee408ab1209d59"
  integrity sha512-W7FcGlQjio9Y/PepcZGRyl5Bpwb0uWU7qIUCh+u4+q2mW4D5ZngXg8V/opL9/I/p4tUH9VXZLyLGwyBSkdhL+A==
  dependencies:
    "@aws-sdk/types" "3.433.0"
    "@smithy/property-provider" "^2.0.0"
    "@smithy/shared-ini-file-loader" "^2.0.6"
    "@smithy/types" "^2.4.0"
    tslib "^2.5.0"

"@aws-sdk/credential-provider-sso@3.438.0":
  version "3.438.0"
  resolved "https://registry.yarnpkg.com/@aws-sdk/credential-provider-sso/-/credential-provider-sso-3.438.0.tgz#871062ae67f7f73e0b8725d3a84a27b6f3c9708d"
  integrity sha512-Xykli/64xR18cBV5P0XFxcH120omtfAjC/cFy/9nFU/+dPvbk0uu1yEOZYteWHyGGkPN4PkHmbh60GiUCLQkWQ==
  dependencies:
    "@aws-sdk/client-sso" "3.438.0"
    "@aws-sdk/token-providers" "3.438.0"
    "@aws-sdk/types" "3.433.0"
    "@smithy/property-provider" "^2.0.0"
    "@smithy/shared-ini-file-loader" "^2.0.6"
    "@smithy/types" "^2.4.0"
    tslib "^2.5.0"

"@aws-sdk/credential-provider-web-identity@3.433.0":
  version "3.433.0"
  resolved "https://registry.yarnpkg.com/@aws-sdk/credential-provider-web-identity/-/credential-provider-web-identity-3.433.0.tgz#32403ba9cc47d3c46500f3c8e5e0041d20e4dbe8"
  integrity sha512-RlwjP1I5wO+aPpwyCp23Mk8nmRbRL33hqRASy73c4JA2z2YiRua+ryt6MalIxehhwQU6xvXUKulJnPG9VaMFZg==
  dependencies:
    "@aws-sdk/types" "3.433.0"
    "@smithy/property-provider" "^2.0.0"
    "@smithy/types" "^2.4.0"
    tslib "^2.5.0"

"@aws-sdk/endpoint-cache@3.310.0":
  version "3.310.0"
  resolved "https://registry.yarnpkg.com/@aws-sdk/endpoint-cache/-/endpoint-cache-3.310.0.tgz#e6f84bfcd55462966811390ef797145559bab15a"
  integrity sha512-y3wipforet41EDTI0vnzxILqwAGll1KfI5qcdX9pXF/WF1f+3frcOtPiWtQEZQpy4czRogKm3BHo70QBYAZxlQ==
  dependencies:
    mnemonist "0.38.3"
    tslib "^2.5.0"

"@aws-sdk/middleware-endpoint-discovery@3.433.0":
  version "3.433.0"
  resolved "https://registry.yarnpkg.com/@aws-sdk/middleware-endpoint-discovery/-/middleware-endpoint-discovery-3.433.0.tgz#e292b876c0d9b20992c108d95502f4fddab5a495"
  integrity sha512-eGQcncEtnQs2wMpLkJoreba/5547/eDDojGLuGjBmKtbZbVNZ9nbyCC//WIsmgT5CR5Bg9D+bNSsijmYpU6Qpg==
  dependencies:
    "@aws-sdk/endpoint-cache" "3.310.0"
    "@aws-sdk/types" "3.433.0"
    "@smithy/node-config-provider" "^2.1.3"
    "@smithy/protocol-http" "^3.0.8"
    "@smithy/types" "^2.4.0"
    tslib "^2.5.0"

"@aws-sdk/middleware-host-header@3.433.0":
  version "3.433.0"
  resolved "https://registry.yarnpkg.com/@aws-sdk/middleware-host-header/-/middleware-host-header-3.433.0.tgz#3b6687ee4021c2b56c96cff61b45a33fb762b1c7"
  integrity sha512-mBTq3UWv1UzeHG+OfUQ2MB/5GEkt5LTKFaUqzL7ESwzW8XtpBgXnjZvIwu3Vcd3sEetMwijwaGiJhY0ae/YyaA==
  dependencies:
    "@aws-sdk/types" "3.433.0"
    "@smithy/protocol-http" "^3.0.8"
    "@smithy/types" "^2.4.0"
    tslib "^2.5.0"

"@aws-sdk/middleware-logger@3.433.0":
  version "3.433.0"
  resolved "https://registry.yarnpkg.com/@aws-sdk/middleware-logger/-/middleware-logger-3.433.0.tgz#fcd4e31a8f134861cd519477b959c218a3600186"
  integrity sha512-We346Fb5xGonTGVZC9Nvqtnqy74VJzYuTLLiuuftA5sbNzftBDy/22QCfvYSTOAl3bvif+dkDUzQY2ihc5PwOQ==
  dependencies:
    "@aws-sdk/types" "3.433.0"
    "@smithy/types" "^2.4.0"
    tslib "^2.5.0"

"@aws-sdk/middleware-recursion-detection@3.433.0":
  version "3.433.0"
  resolved "https://registry.yarnpkg.com/@aws-sdk/middleware-recursion-detection/-/middleware-recursion-detection-3.433.0.tgz#5b4b7878ea46c70f507c9ea7c30ad0e5ee4ae6bf"
  integrity sha512-HEvYC9PQlWY/ccUYtLvAlwwf1iCif2TSAmLNr3YTBRVa98x6jKL0hlCrHWYklFeqOGSKy6XhE+NGJMUII0/HaQ==
  dependencies:
    "@aws-sdk/types" "3.433.0"
    "@smithy/protocol-http" "^3.0.8"
    "@smithy/types" "^2.4.0"
    tslib "^2.5.0"

"@aws-sdk/middleware-sdk-sts@3.433.0":
  version "3.433.0"
  resolved "https://registry.yarnpkg.com/@aws-sdk/middleware-sdk-sts/-/middleware-sdk-sts-3.433.0.tgz#9b30f17a922ecc5fd46b93f1edcd20d7146b814f"
  integrity sha512-ORYbJnBejUyonFl5FwIqhvI3Cq6sAp9j+JpkKZtFNma9tFPdrhmYgfCeNH32H/wGTQV/tUoQ3luh0gA4cuk6DA==
  dependencies:
    "@aws-sdk/middleware-signing" "3.433.0"
    "@aws-sdk/types" "3.433.0"
    "@smithy/types" "^2.4.0"
    tslib "^2.5.0"

"@aws-sdk/middleware-signing@3.433.0":
  version "3.433.0"
  resolved "https://registry.yarnpkg.com/@aws-sdk/middleware-signing/-/middleware-signing-3.433.0.tgz#670557ace5b97729dbabb6a991815e44eb0ef03b"
  integrity sha512-jxPvt59NZo/epMNLNTu47ikmP8v0q217I6bQFGJG7JVFnfl36zDktMwGw+0xZR80qiK47/2BWrNpta61Zd2FxQ==
  dependencies:
    "@aws-sdk/types" "3.433.0"
    "@smithy/property-provider" "^2.0.0"
    "@smithy/protocol-http" "^3.0.8"
    "@smithy/signature-v4" "^2.0.0"
    "@smithy/types" "^2.4.0"
    "@smithy/util-middleware" "^2.0.5"
    tslib "^2.5.0"

"@aws-sdk/middleware-user-agent@3.438.0":
  version "3.438.0"
  resolved "https://registry.yarnpkg.com/@aws-sdk/middleware-user-agent/-/middleware-user-agent-3.438.0.tgz#a1165134d5b95e1fbeb841740084b3a43dead18a"
  integrity sha512-a+xHT1wOxT6EA6YyLmrfaroKWOkwwyiktUfXKM0FsUutGzNi4fKhb5NZ2al58NsXzHgHFrasSDp+Lqbd/X2cEw==
  dependencies:
    "@aws-sdk/types" "3.433.0"
    "@aws-sdk/util-endpoints" "3.438.0"
    "@smithy/protocol-http" "^3.0.8"
    "@smithy/types" "^2.4.0"
    tslib "^2.5.0"

"@aws-sdk/region-config-resolver@3.433.0":
  version "3.433.0"
  resolved "https://registry.yarnpkg.com/@aws-sdk/region-config-resolver/-/region-config-resolver-3.433.0.tgz#37eb5f40db8af7ba9361aeb28c62b45421e780f0"
  integrity sha512-xpjRjCZW+CDFdcMmmhIYg81ST5UAnJh61IHziQEk0FXONrg4kjyYPZAOjEdzXQ+HxJQuGQLKPhRdzxmQnbX7pg==
  dependencies:
    "@smithy/node-config-provider" "^2.1.3"
    "@smithy/types" "^2.4.0"
    "@smithy/util-config-provider" "^2.0.0"
    "@smithy/util-middleware" "^2.0.5"
    tslib "^2.5.0"

"@aws-sdk/token-providers@3.438.0":
  version "3.438.0"
  resolved "https://registry.yarnpkg.com/@aws-sdk/token-providers/-/token-providers-3.438.0.tgz#e91baa37c9c78cb5b21cae96a12e7e1705c931d3"
  integrity sha512-G2fUfTtU6/1ayYRMu0Pd9Ln4qYSvwJOWCqJMdkDgvXSwdgcOSOLsnAIk1AHGJDAvgLikdCzuyOsdJiexr9Vnww==
  dependencies:
    "@aws-crypto/sha256-browser" "3.0.0"
    "@aws-crypto/sha256-js" "3.0.0"
    "@aws-sdk/middleware-host-header" "3.433.0"
    "@aws-sdk/middleware-logger" "3.433.0"
    "@aws-sdk/middleware-recursion-detection" "3.433.0"
    "@aws-sdk/middleware-user-agent" "3.438.0"
    "@aws-sdk/region-config-resolver" "3.433.0"
    "@aws-sdk/types" "3.433.0"
    "@aws-sdk/util-endpoints" "3.438.0"
    "@aws-sdk/util-user-agent-browser" "3.433.0"
    "@aws-sdk/util-user-agent-node" "3.437.0"
    "@smithy/config-resolver" "^2.0.16"
    "@smithy/fetch-http-handler" "^2.2.4"
    "@smithy/hash-node" "^2.0.12"
    "@smithy/invalid-dependency" "^2.0.12"
    "@smithy/middleware-content-length" "^2.0.14"
    "@smithy/middleware-endpoint" "^2.1.3"
    "@smithy/middleware-retry" "^2.0.18"
    "@smithy/middleware-serde" "^2.0.12"
    "@smithy/middleware-stack" "^2.0.6"
    "@smithy/node-config-provider" "^2.1.3"
    "@smithy/node-http-handler" "^2.1.8"
    "@smithy/property-provider" "^2.0.0"
    "@smithy/protocol-http" "^3.0.8"
    "@smithy/shared-ini-file-loader" "^2.0.6"
    "@smithy/smithy-client" "^2.1.12"
    "@smithy/types" "^2.4.0"
    "@smithy/url-parser" "^2.0.12"
    "@smithy/util-base64" "^2.0.0"
    "@smithy/util-body-length-browser" "^2.0.0"
    "@smithy/util-body-length-node" "^2.1.0"
    "@smithy/util-defaults-mode-browser" "^2.0.16"
    "@smithy/util-defaults-mode-node" "^2.0.21"
    "@smithy/util-endpoints" "^1.0.2"
    "@smithy/util-retry" "^2.0.5"
    "@smithy/util-utf8" "^2.0.0"
    tslib "^2.5.0"

"@aws-sdk/types@3.433.0", "@aws-sdk/types@^3.222.0":
  version "3.433.0"
  resolved "https://registry.yarnpkg.com/@aws-sdk/types/-/types-3.433.0.tgz#0f94eae2a4a3525ca872c9ab04e143c01806d755"
  integrity sha512-0jEE2mSrNDd8VGFjTc1otYrwYPIkzZJEIK90ZxisKvQ/EURGBhNzWn7ejWB9XCMFT6XumYLBR0V9qq5UPisWtA==
  dependencies:
    "@smithy/types" "^2.4.0"
    tslib "^2.5.0"

"@aws-sdk/util-endpoints@3.438.0":
  version "3.438.0"
  resolved "https://registry.yarnpkg.com/@aws-sdk/util-endpoints/-/util-endpoints-3.438.0.tgz#fe79a0ad87fc201c8ecb422f6f040bd300c98df9"
  integrity sha512-6VyPTq1kN3GWxwFt5DdZfOsr6cJZPLjWh0troY/0uUv3hK74C9o3Y0Xf/z8UAUvQFkVqZse12O0/BgPVMImvfA==
  dependencies:
    "@aws-sdk/types" "3.433.0"
    "@smithy/util-endpoints" "^1.0.2"
    tslib "^2.5.0"

"@aws-sdk/util-locate-window@^3.0.0":
  version "3.310.0"
  resolved "https://registry.yarnpkg.com/@aws-sdk/util-locate-window/-/util-locate-window-3.310.0.tgz#b071baf050301adee89051032bd4139bba32cc40"
  integrity sha512-qo2t/vBTnoXpjKxlsC2e1gBrRm80M3bId27r0BRB2VniSSe7bL1mmzM+/HFtujm0iAxtPM+aLEflLJlJeDPg0w==
  dependencies:
    tslib "^2.5.0"

"@aws-sdk/util-user-agent-browser@3.433.0":
  version "3.433.0"
  resolved "https://registry.yarnpkg.com/@aws-sdk/util-user-agent-browser/-/util-user-agent-browser-3.433.0.tgz#b5ed0c0cca0db34a2c1c2ffc1b65e7cdd8dc88ff"
  integrity sha512-2Cf/Lwvxbt5RXvWFXrFr49vXv0IddiUwrZoAiwhDYxvsh+BMnh+NUFot+ZQaTrk/8IPZVDeLPWZRdVy00iaVXQ==
  dependencies:
    "@aws-sdk/types" "3.433.0"
    "@smithy/types" "^2.4.0"
    bowser "^2.11.0"
    tslib "^2.5.0"

"@aws-sdk/util-user-agent-node@3.437.0":
  version "3.437.0"
  resolved "https://registry.yarnpkg.com/@aws-sdk/util-user-agent-node/-/util-user-agent-node-3.437.0.tgz#f77729854ddf049ccaba8bae3d8fa279812b4716"
  integrity sha512-JVEcvWaniamtYVPem4UthtCNoTBCfFTwYj7Y3CrWZ2Qic4TqrwLkAfaBGtI2TGrhIClVr77uzLI6exqMTN7orA==
  dependencies:
    "@aws-sdk/types" "3.433.0"
    "@smithy/node-config-provider" "^2.1.3"
    "@smithy/types" "^2.4.0"
    tslib "^2.5.0"

"@aws-sdk/util-utf8-browser@^3.0.0":
  version "3.259.0"
  resolved "https://registry.yarnpkg.com/@aws-sdk/util-utf8-browser/-/util-utf8-browser-3.259.0.tgz#3275a6f5eb334f96ca76635b961d3c50259fd9ff"
  integrity sha512-UvFa/vR+e19XookZF8RzFZBrw2EUkQWxiBW0yYQAhvk3C+QVGl0H3ouca8LDBlBfQKXwmW3huo/59H8rwb1wJw==
  dependencies:
    tslib "^2.3.1"

"@smithy/abort-controller@^2.0.12":
  version "2.0.12"
  resolved "https://registry.yarnpkg.com/@smithy/abort-controller/-/abort-controller-2.0.12.tgz#62cd47c81fa1d7d6c2d6fde0c2f54ea89892fb6a"
  integrity sha512-YIJyefe1mi3GxKdZxEBEuzYOeQ9xpYfqnFmWzojCssRAuR7ycxwpoRQgp965vuW426xUAQhCV5rCaWElQ7XsaA==
  dependencies:
    "@smithy/types" "^2.4.0"
    tslib "^2.5.0"

"@smithy/config-resolver@^2.0.16":
  version "2.0.16"
  resolved "https://registry.yarnpkg.com/@smithy/config-resolver/-/config-resolver-2.0.16.tgz#f2abf65a21f56731fdab2d39d2df2dd0e377c9cc"
  integrity sha512-1k+FWHQDt2pfpXhJsOmNMmlAZ3NUQ98X5tYsjQhVGq+0X6cOBMhfh6Igd0IX3Ut6lEO6DQAdPMI/blNr3JZfMQ==
  dependencies:
    "@smithy/node-config-provider" "^2.1.3"
    "@smithy/types" "^2.4.0"
    "@smithy/util-config-provider" "^2.0.0"
    "@smithy/util-middleware" "^2.0.5"
    tslib "^2.5.0"

"@smithy/credential-provider-imds@^2.0.0", "@smithy/credential-provider-imds@^2.0.18":
  version "2.0.18"
  resolved "https://registry.yarnpkg.com/@smithy/credential-provider-imds/-/credential-provider-imds-2.0.18.tgz#9a5b8be3f268bb4ac7b7ef321f57b0e9a61e2940"
  integrity sha512-QnPBi6D2zj6AHJdUTo5zXmk8vwHJ2bNevhcVned1y+TZz/OI5cizz5DsYNkqFUIDn8tBuEyKNgbmKVNhBbuY3g==
  dependencies:
    "@smithy/node-config-provider" "^2.1.3"
    "@smithy/property-provider" "^2.0.13"
    "@smithy/types" "^2.4.0"
    "@smithy/url-parser" "^2.0.12"
    tslib "^2.5.0"

"@smithy/eventstream-codec@^2.0.12":
  version "2.0.12"
  resolved "https://registry.yarnpkg.com/@smithy/eventstream-codec/-/eventstream-codec-2.0.12.tgz#99fab750d0ac3941f341d912d3c3a1ab985e1a7a"
  integrity sha512-ZZQLzHBJkbiAAdj2C5K+lBlYp/XJ+eH2uy+jgJgYIFW/o5AM59Hlj7zyI44/ZTDIQWmBxb3EFv/c5t44V8/g8A==
  dependencies:
    "@aws-crypto/crc32" "3.0.0"
    "@smithy/types" "^2.4.0"
    "@smithy/util-hex-encoding" "^2.0.0"
    tslib "^2.5.0"

"@smithy/fetch-http-handler@^2.2.4":
  version "2.2.4"
  resolved "https://registry.yarnpkg.com/@smithy/fetch-http-handler/-/fetch-http-handler-2.2.4.tgz#405716581a5a336f2c162daf4169bff600fc47ce"
  integrity sha512-gIPRFEGi+c6V52eauGKrjDzPWF2Cu7Z1r5F8A3j2wcwz25sPG/t8kjsbEhli/tS/2zJp/ybCZXe4j4ro3yv/HA==
  dependencies:
    "@smithy/protocol-http" "^3.0.8"
    "@smithy/querystring-builder" "^2.0.12"
    "@smithy/types" "^2.4.0"
    "@smithy/util-base64" "^2.0.0"
    tslib "^2.5.0"

"@smithy/hash-node@^2.0.12":
  version "2.0.12"
  resolved "https://registry.yarnpkg.com/@smithy/hash-node/-/hash-node-2.0.12.tgz#514586ca3f54840322273029eef66c41d9001e39"
  integrity sha512-fDZnTr5j9t5qcbeJ037aMZXxMka13Znqwrgy3PAqYj6Dm3XHXHftTH3q+NWgayUxl1992GFtQt1RuEzRMy3NnQ==
  dependencies:
    "@smithy/types" "^2.4.0"
    "@smithy/util-buffer-from" "^2.0.0"
    "@smithy/util-utf8" "^2.0.0"
    tslib "^2.5.0"

"@smithy/invalid-dependency@^2.0.12":
  version "2.0.12"
  resolved "https://registry.yarnpkg.com/@smithy/invalid-dependency/-/invalid-dependency-2.0.12.tgz#de78a5e9457cc397aad0648e18c0260b522fe604"
  integrity sha512-p5Y+iMHV3SoEpy3VSR7mifbreHQwVSvHSAz/m4GdoXfOzKzaYC8hYv10Ks7Deblkf7lhas8U+lAp9ThbBM+ZXA==
  dependencies:
    "@smithy/types" "^2.4.0"
    tslib "^2.5.0"

"@smithy/is-array-buffer@^2.0.0":
  version "2.0.0"
  resolved "https://registry.yarnpkg.com/@smithy/is-array-buffer/-/is-array-buffer-2.0.0.tgz#8fa9b8040651e7ba0b2f6106e636a91354ff7d34"
  integrity sha512-z3PjFjMyZNI98JFRJi/U0nGoLWMSJlDjAW4QUX2WNZLas5C0CmVV6LJ01JI0k90l7FvpmixjWxPFmENSClQ7ug==
  dependencies:
    tslib "^2.5.0"

"@smithy/middleware-content-length@^2.0.14":
  version "2.0.14"
  resolved "https://registry.yarnpkg.com/@smithy/middleware-content-length/-/middleware-content-length-2.0.14.tgz#ee1aa842490cee90b6ac208fb13a7d56d3ed84f2"
  integrity sha512-poUNgKTw9XwPXfX9nEHpVgrMNVpaSMZbshqvPxFVoalF4wp6kRzYKOfdesSVectlQ51VtigoLfbXcdyPwvxgTg==
  dependencies:
    "@smithy/protocol-http" "^3.0.8"
    "@smithy/types" "^2.4.0"
    tslib "^2.5.0"

"@smithy/middleware-endpoint@^2.1.3":
  version "2.1.3"
  resolved "https://registry.yarnpkg.com/@smithy/middleware-endpoint/-/middleware-endpoint-2.1.3.tgz#ab7ebff4ecbc9b02ec70dd57179f47c4f16bf03f"
  integrity sha512-ZrQ0/YX6hNVTxqMEHtEaDbDv6pNeEji/a5Vk3HuFC5R3ZY8lfoATyxmOGxBVYnF3NUvZLNC7umEv1WzWGWvCGQ==
  dependencies:
    "@smithy/middleware-serde" "^2.0.12"
    "@smithy/node-config-provider" "^2.1.3"
    "@smithy/shared-ini-file-loader" "^2.2.2"
    "@smithy/types" "^2.4.0"
    "@smithy/url-parser" "^2.0.12"
    "@smithy/util-middleware" "^2.0.5"
    tslib "^2.5.0"

"@smithy/middleware-retry@^2.0.18":
  version "2.0.18"
  resolved "https://registry.yarnpkg.com/@smithy/middleware-retry/-/middleware-retry-2.0.18.tgz#37982552a1d3815148797831df025e470423fc5e"
  integrity sha512-VyrHQRldGSb3v9oFOB5yPxmLT7U2sQic2ytylOnYlnsmVOLlFIaI6sW22c+w2675yq+XZ6HOuzV7x2OBYCWRNA==
  dependencies:
    "@smithy/node-config-provider" "^2.1.3"
    "@smithy/protocol-http" "^3.0.8"
    "@smithy/service-error-classification" "^2.0.5"
    "@smithy/types" "^2.4.0"
    "@smithy/util-middleware" "^2.0.5"
    "@smithy/util-retry" "^2.0.5"
    tslib "^2.5.0"
    uuid "^8.3.2"

"@smithy/middleware-serde@^2.0.12":
  version "2.0.12"
  resolved "https://registry.yarnpkg.com/@smithy/middleware-serde/-/middleware-serde-2.0.12.tgz#edc93c400a5ffec6c068419163f9d880bdff5e5b"
  integrity sha512-IBeco157lIScecq2Z+n0gq56i4MTnfKxS7rbfrAORveDJgnbBAaEQgYqMqp/cYqKrpvEXcyTjwKHrBjCCIZh2A==
  dependencies:
    "@smithy/types" "^2.4.0"
    tslib "^2.5.0"

"@smithy/middleware-stack@^2.0.6":
  version "2.0.6"
  resolved "https://registry.yarnpkg.com/@smithy/middleware-stack/-/middleware-stack-2.0.6.tgz#c58d6e4ffc4498bf47fd27adcddd142395d3ba84"
  integrity sha512-YSvNZeOKWLJ0M/ycxwDIe2Ztkp6Qixmcml1ggsSv2fdHKGkBPhGrX5tMzPGMI1yyx55UEYBi2OB4s+RriXX48A==
  dependencies:
    "@smithy/types" "^2.4.0"
    tslib "^2.5.0"

"@smithy/node-config-provider@^2.1.3":
  version "2.1.3"
  resolved "https://registry.yarnpkg.com/@smithy/node-config-provider/-/node-config-provider-2.1.3.tgz#bf4cee69df08d43618ad4329d234351b14d98ef7"
  integrity sha512-J6lXvRHGVnSX3n1PYi+e1L5HN73DkkJpUviV3Ebf+8wSaIjAf+eVNbzyvh/S5EQz7nf4KVfwbD5vdoZMAthAEQ==
  dependencies:
    "@smithy/property-provider" "^2.0.13"
    "@smithy/shared-ini-file-loader" "^2.2.2"
    "@smithy/types" "^2.4.0"
    tslib "^2.5.0"

"@smithy/node-http-handler@^2.1.8":
  version "2.1.8"
  resolved "https://registry.yarnpkg.com/@smithy/node-http-handler/-/node-http-handler-2.1.8.tgz#aad989d5445c43a677e7e6161c6fa4abd0e46023"
  integrity sha512-KZylM7Wff/So5SmCiwg2kQNXJ+RXgz34wkxS7WNwIUXuZrZZpY/jKJCK+ZaGyuESDu3TxcaY+zeYGJmnFKbQsA==
  dependencies:
    "@smithy/abort-controller" "^2.0.12"
    "@smithy/protocol-http" "^3.0.8"
    "@smithy/querystring-builder" "^2.0.12"
    "@smithy/types" "^2.4.0"
    tslib "^2.5.0"

"@smithy/property-provider@^2.0.0", "@smithy/property-provider@^2.0.13":
  version "2.0.13"
  resolved "https://registry.yarnpkg.com/@smithy/property-provider/-/property-provider-2.0.13.tgz#45ee47ad79d638082523f944c49fd2e851312098"
  integrity sha512-VJqUf2CbsQX6uUiC5dUPuoEATuFjkbkW3lJHbRnpk9EDC9X+iKqhfTK+WP+lve5EQ9TcCI1Q6R7hrg41FyC54w==
  dependencies:
    "@smithy/types" "^2.4.0"
    tslib "^2.5.0"

"@smithy/protocol-http@^3.0.8":
  version "3.0.8"
  resolved "https://registry.yarnpkg.com/@smithy/protocol-http/-/protocol-http-3.0.8.tgz#0f7c114f6b8e23a57dff7a275d085bac97b9233c"
  integrity sha512-SHJvYeWq8q0FK8xHk+xjV9dzDUDjFMT+G1pZbV+XB6OVoac/FSVshlMNPeUJ8AmSkcDKHRu5vASnRqZHgD3qhw==
  dependencies:
    "@smithy/types" "^2.4.0"
    tslib "^2.5.0"

"@smithy/querystring-builder@^2.0.12":
  version "2.0.12"
  resolved "https://registry.yarnpkg.com/@smithy/querystring-builder/-/querystring-builder-2.0.12.tgz#d13e0eea08d43596bdbb182206ccdee0956d06fd"
  integrity sha512-cDbF07IuCjiN8CdGvPzfJjXIrmDSelScRfyJYrYBNBbKl2+k7QD/KqiHhtRyEKgID5mmEVrV6KE6L/iPJ98sFw==
  dependencies:
    "@smithy/types" "^2.4.0"
    "@smithy/util-uri-escape" "^2.0.0"
    tslib "^2.5.0"

"@smithy/querystring-parser@^2.0.12":
  version "2.0.12"
  resolved "https://registry.yarnpkg.com/@smithy/querystring-parser/-/querystring-parser-2.0.12.tgz#d2c234031e266359716a0c62c8c1208a5bd2557e"
  integrity sha512-fytyTcXaMzPBuNtPlhj5v6dbl4bJAnwKZFyyItAGt4Tgm9HFPZNo7a9r1SKPr/qdxUEBzvL9Rh+B9SkTX3kFxg==
  dependencies:
    "@smithy/types" "^2.4.0"
    tslib "^2.5.0"

"@smithy/service-error-classification@^2.0.5":
  version "2.0.5"
  resolved "https://registry.yarnpkg.com/@smithy/service-error-classification/-/service-error-classification-2.0.5.tgz#22c84fad456730adfa31cae91d47acd31304c346"
  integrity sha512-M0SeJnEgD2ywJyV99Fb1yKFzmxDe9JfpJiYTVSRMyRLc467BPU0qsuuDPzMCdB1mU8M8u1rVOdkqdoyFN8UFTw==
  dependencies:
    "@smithy/types" "^2.4.0"

"@smithy/shared-ini-file-loader@^2.0.6", "@smithy/shared-ini-file-loader@^2.2.2":
  version "2.2.2"
  resolved "https://registry.yarnpkg.com/@smithy/shared-ini-file-loader/-/shared-ini-file-loader-2.2.2.tgz#b52064c5254a01f5c98a821207448de439938667"
  integrity sha512-noyQUPn7b1M8uB0GEXc/Zyxq+5K2b7aaqWnLp+hgJ7+xu/FCvtyWy5eWLDjQEsHnAet2IZhS5QF8872OR69uNg==
  dependencies:
    "@smithy/types" "^2.4.0"
    tslib "^2.5.0"

"@smithy/signature-v4@^2.0.0":
  version "2.0.12"
  resolved "https://registry.yarnpkg.com/@smithy/signature-v4/-/signature-v4-2.0.12.tgz#4f9f5bba25e784d110fdc4a276b715feae82bb28"
  integrity sha512-6Kc2lCZEVmb1nNYngyNbWpq0d82OZwITH11SW/Q0U6PX5fH7B2cIcFe7o6eGEFPkTZTP8itTzmYiGcECL0D0Lw==
  dependencies:
    "@smithy/eventstream-codec" "^2.0.12"
    "@smithy/is-array-buffer" "^2.0.0"
    "@smithy/types" "^2.4.0"
    "@smithy/util-hex-encoding" "^2.0.0"
    "@smithy/util-middleware" "^2.0.5"
    "@smithy/util-uri-escape" "^2.0.0"
    "@smithy/util-utf8" "^2.0.0"
    tslib "^2.5.0"

"@smithy/smithy-client@^2.1.12":
  version "2.1.12"
  resolved "https://registry.yarnpkg.com/@smithy/smithy-client/-/smithy-client-2.1.12.tgz#a7f10ab846d41ce1042eb81f087c4c9eb438b481"
  integrity sha512-XXqhridfkKnpj+lt8vM6HRlZbqUAqBjVC74JIi13F/AYQd/zTj9SOyGfxnbp4mjY9q28LityxIuV8CTinr9r5w==
  dependencies:
    "@smithy/middleware-stack" "^2.0.6"
    "@smithy/types" "^2.4.0"
    "@smithy/util-stream" "^2.0.17"
    tslib "^2.5.0"

"@smithy/types@^2.4.0":
  version "2.4.0"
  resolved "https://registry.yarnpkg.com/@smithy/types/-/types-2.4.0.tgz#ed35e429e3ea3d089c68ed1bf951d0ccbdf2692e"
  integrity sha512-iH1Xz68FWlmBJ9vvYeHifVMWJf82ONx+OybPW8ZGf5wnEv2S0UXcU4zwlwJkRXuLKpcSLHrraHbn2ucdVXLb4g==
  dependencies:
    tslib "^2.5.0"

"@smithy/url-parser@^2.0.12":
  version "2.0.12"
  resolved "https://registry.yarnpkg.com/@smithy/url-parser/-/url-parser-2.0.12.tgz#a4cdd1b66176e48f10d119298f8f90b06b7e8a01"
  integrity sha512-qgkW2mZqRvlNUcBkxYB/gYacRaAdck77Dk3/g2iw0S9F0EYthIS3loGfly8AwoWpIvHKhkTsCXXQfzksgZ4zIA==
  dependencies:
    "@smithy/querystring-parser" "^2.0.12"
    "@smithy/types" "^2.4.0"
    tslib "^2.5.0"

"@smithy/util-base64@^2.0.0":
  version "2.0.0"
  resolved "https://registry.yarnpkg.com/@smithy/util-base64/-/util-base64-2.0.0.tgz#1beeabfb155471d1d41c8d0603be1351f883c444"
  integrity sha512-Zb1E4xx+m5Lud8bbeYi5FkcMJMnn+1WUnJF3qD7rAdXpaL7UjkFQLdmW5fHadoKbdHpwH9vSR8EyTJFHJs++tA==
  dependencies:
    "@smithy/util-buffer-from" "^2.0.0"
    tslib "^2.5.0"

"@smithy/util-body-length-browser@^2.0.0":
  version "2.0.0"
  resolved "https://registry.yarnpkg.com/@smithy/util-body-length-browser/-/util-body-length-browser-2.0.0.tgz#5447853003b4c73da3bc5f3c5e82c21d592d1650"
  integrity sha512-JdDuS4ircJt+FDnaQj88TzZY3+njZ6O+D3uakS32f2VNnDo3vyEuNdBOh/oFd8Df1zSZOuH1HEChk2AOYDezZg==
  dependencies:
    tslib "^2.5.0"

"@smithy/util-body-length-node@^2.1.0":
  version "2.1.0"
  resolved "https://registry.yarnpkg.com/@smithy/util-body-length-node/-/util-body-length-node-2.1.0.tgz#313a5f7c5017947baf5fa018bfc22628904bbcfa"
  integrity sha512-/li0/kj/y3fQ3vyzn36NTLGmUwAICb7Jbe/CsWCktW363gh1MOcpEcSO3mJ344Gv2dqz8YJCLQpb6hju/0qOWw==
  dependencies:
    tslib "^2.5.0"

"@smithy/util-buffer-from@^2.0.0":
  version "2.0.0"
  resolved "https://registry.yarnpkg.com/@smithy/util-buffer-from/-/util-buffer-from-2.0.0.tgz#7eb75d72288b6b3001bc5f75b48b711513091deb"
  integrity sha512-/YNnLoHsR+4W4Vf2wL5lGv0ksg8Bmk3GEGxn2vEQt52AQaPSCuaO5PM5VM7lP1K9qHRKHwrPGktqVoAHKWHxzw==
  dependencies:
    "@smithy/is-array-buffer" "^2.0.0"
    tslib "^2.5.0"

"@smithy/util-config-provider@^2.0.0":
  version "2.0.0"
  resolved "https://registry.yarnpkg.com/@smithy/util-config-provider/-/util-config-provider-2.0.0.tgz#4dd6a793605559d94267312fd06d0f58784b4c38"
  integrity sha512-xCQ6UapcIWKxXHEU4Mcs2s7LcFQRiU3XEluM2WcCjjBtQkUN71Tb+ydGmJFPxMUrW/GWMgQEEGipLym4XG0jZg==
  dependencies:
    tslib "^2.5.0"

"@smithy/util-defaults-mode-browser@^2.0.16":
  version "2.0.16"
  resolved "https://registry.yarnpkg.com/@smithy/util-defaults-mode-browser/-/util-defaults-mode-browser-2.0.16.tgz#7d60c4e1d00ed569f47fd6343b822c4ff3c2c9f8"
  integrity sha512-Uv5Cu8nVkuvLn0puX+R9zWbSNpLIR3AxUlPoLJ7hC5lvir8B2WVqVEkJLwtixKAncVLasnTVjPDCidtAUTGEQw==
  dependencies:
    "@smithy/property-provider" "^2.0.13"
    "@smithy/smithy-client" "^2.1.12"
    "@smithy/types" "^2.4.0"
    bowser "^2.11.0"
    tslib "^2.5.0"

"@smithy/util-defaults-mode-node@^2.0.21":
  version "2.0.21"
  resolved "https://registry.yarnpkg.com/@smithy/util-defaults-mode-node/-/util-defaults-mode-node-2.0.21.tgz#d10c887b3e641c63e235ce95ba32137fd0bd1838"
  integrity sha512-cUEsttVZ79B7Al2rWK2FW03HBpD9LyuqFtm+1qFty5u9sHSdesr215gS2Ln53fTopNiPgeXpdoM3IgjvIO0rJw==
  dependencies:
    "@smithy/config-resolver" "^2.0.16"
    "@smithy/credential-provider-imds" "^2.0.18"
    "@smithy/node-config-provider" "^2.1.3"
    "@smithy/property-provider" "^2.0.13"
    "@smithy/smithy-client" "^2.1.12"
    "@smithy/types" "^2.4.0"
    tslib "^2.5.0"

"@smithy/util-endpoints@^1.0.2":
  version "1.0.2"
  resolved "https://registry.yarnpkg.com/@smithy/util-endpoints/-/util-endpoints-1.0.2.tgz#8be5b840c19661e3830ca10973f775b331bd94cd"
  integrity sha512-QEdq+sP68IJHAMVB2ugKVVZEWeKQtZLuf+akHzc8eTVElsZ2ZdVLWC6Cp+uKjJ/t4yOj1qu6ZzyxJQEQ8jdEjg==
  dependencies:
    "@smithy/node-config-provider" "^2.1.3"
    "@smithy/types" "^2.4.0"
    tslib "^2.5.0"

"@smithy/util-hex-encoding@^2.0.0":
  version "2.0.0"
  resolved "https://registry.yarnpkg.com/@smithy/util-hex-encoding/-/util-hex-encoding-2.0.0.tgz#0aa3515acd2b005c6d55675e377080a7c513b59e"
  integrity sha512-c5xY+NUnFqG6d7HFh1IFfrm3mGl29lC+vF+geHv4ToiuJCBmIfzx6IeHLg+OgRdPFKDXIw6pvi+p3CsscaMcMA==
  dependencies:
    tslib "^2.5.0"

"@smithy/util-middleware@^2.0.5":
  version "2.0.5"
  resolved "https://registry.yarnpkg.com/@smithy/util-middleware/-/util-middleware-2.0.5.tgz#c63dc491de81641c99ade9309f30c54ad0e28fbd"
  integrity sha512-1lyT3TcaMJQe+OFfVI+TlomDkPuVzb27NZYdYtmSTltVmLaUjdCyt4KE+OH1CnhZKsz4/cdCL420Lg9UH5Z2Mw==
  dependencies:
    "@smithy/types" "^2.4.0"
    tslib "^2.5.0"

"@smithy/util-retry@^2.0.5":
  version "2.0.5"
  resolved "https://registry.yarnpkg.com/@smithy/util-retry/-/util-retry-2.0.5.tgz#1a93721da082301aca61d8b42380369761a7e80d"
  integrity sha512-x3t1+MQAJ6QONk3GTbJNcugCFDVJ+Bkro5YqQQK1EyVesajNDqxFtCx9WdOFNGm/Cbm7tUdwVEmfKQOJoU2Vtw==
  dependencies:
    "@smithy/service-error-classification" "^2.0.5"
    "@smithy/types" "^2.4.0"
    tslib "^2.5.0"

"@smithy/util-stream@^2.0.17":
  version "2.0.17"
  resolved "https://registry.yarnpkg.com/@smithy/util-stream/-/util-stream-2.0.17.tgz#4c980891b0943e9e64949d7afcf1ec4a7b510ea8"
  integrity sha512-fP/ZQ27rRvHsqItds8yB7jerwMpZFTL3QqbQbidUiG0+mttMoKdP0ZqnvM8UK5q0/dfc3/pN7g4XKPXOU7oRWw==
  dependencies:
    "@smithy/fetch-http-handler" "^2.2.4"
    "@smithy/node-http-handler" "^2.1.8"
    "@smithy/types" "^2.4.0"
    "@smithy/util-base64" "^2.0.0"
    "@smithy/util-buffer-from" "^2.0.0"
    "@smithy/util-hex-encoding" "^2.0.0"
    "@smithy/util-utf8" "^2.0.0"
    tslib "^2.5.0"

"@smithy/util-uri-escape@^2.0.0":
  version "2.0.0"
  resolved "https://registry.yarnpkg.com/@smithy/util-uri-escape/-/util-uri-escape-2.0.0.tgz#19955b1a0f517a87ae77ac729e0e411963dfda95"
  integrity sha512-ebkxsqinSdEooQduuk9CbKcI+wheijxEb3utGXkCoYQkJnwTnLbH1JXGimJtUkQwNQbsbuYwG2+aFVyZf5TLaw==
  dependencies:
    tslib "^2.5.0"

"@smithy/util-utf8@^2.0.0":
  version "2.0.0"
  resolved "https://registry.yarnpkg.com/@smithy/util-utf8/-/util-utf8-2.0.0.tgz#b4da87566ea7757435e153799df9da717262ad42"
  integrity sha512-rctU1VkziY84n5OXe3bPNpKR001ZCME2JCaBBFgtiM2hfKbHFudc/BkMuPab8hRbLd0j3vbnBTTZ1igBf0wgiQ==
  dependencies:
    "@smithy/util-buffer-from" "^2.0.0"
    tslib "^2.5.0"

"@smithy/util-waiter@^2.0.12":
  version "2.0.12"
  resolved "https://registry.yarnpkg.com/@smithy/util-waiter/-/util-waiter-2.0.12.tgz#a7348f9fd2bade5f2f3ee7ecf7c43ab86ed244ee"
  integrity sha512-3sENmyVa1NnOPoiT2NCApPmu7ukP7S/v7kL9IxNmnygkDldn7/yK0TP42oPJLwB2k3mospNsSePIlqdXEUyPHA==
  dependencies:
    "@smithy/abort-controller" "^2.0.12"
    "@smithy/types" "^2.4.0"
    tslib "^2.5.0"

abbrev@1:
  version "1.1.1"
  resolved "https://registry.yarnpkg.com/abbrev/-/abbrev-1.1.1.tgz#f8f2c887ad10bf67f634f005b6987fed3179aac8"
  integrity sha512-nne9/IiQ/hzIhY6pdDnbBtz7DjPTKrY00P/zvPSm5pOFkl6xuGrGnXn/VtTNNfNtAfZ9/1RtehkszU9qcTii0Q==

anymatch@~3.1.2:
  version "3.1.3"
  resolved "https://registry.yarnpkg.com/anymatch/-/anymatch-3.1.3.tgz#790c58b19ba1720a84205b57c618d5ad8524973e"
  integrity sha512-KMReFUr0B4t+D+OBkjR3KYqvocp2XaSzO55UcB6mgQMd3KbcE+mWTyvVV7D/zsdEbNnV6acZUutkiHQXvTr1Rw==
  dependencies:
    normalize-path "^3.0.0"
    picomatch "^2.0.4"

balanced-match@^1.0.0:
  version "1.0.2"
  resolved "https://registry.yarnpkg.com/balanced-match/-/balanced-match-1.0.2.tgz#e83e3a7e3f300b34cb9d87f615fa0cbf357690ee"
  integrity sha512-3oSeUO0TMV67hN1AmbXsK4yaqU7tjiHlbxRDZOpH0KW9+CeX4bRAaX0Anxt0tx2MrpRpWwQaPwIlISEJhYU5Pw==

binary-extensions@^2.0.0:
  version "2.2.0"
  resolved "https://registry.yarnpkg.com/binary-extensions/-/binary-extensions-2.2.0.tgz#75f502eeaf9ffde42fc98829645be4ea76bd9e2d"
  integrity sha512-jDctJ/IVQbZoJykoeHbhXpOlNBqGNcwXJKJog42E5HDPUwQTSdjCHdihjj0DlnheQ7blbT6dHOafNAiS8ooQKA==

bowser@^2.11.0:
  version "2.11.0"
  resolved "https://registry.yarnpkg.com/bowser/-/bowser-2.11.0.tgz#5ca3c35757a7aa5771500c70a73a9f91ef420a8f"
  integrity sha512-AlcaJBi/pqqJBIQ8U9Mcpc9i8Aqxn88Skv5d+xBX006BY5u8N3mGLHa5Lgppa7L/HfwgwLgZ6NYs+Ag6uUmJRA==

brace-expansion@^1.1.7:
  version "1.1.11"
  resolved "https://registry.yarnpkg.com/brace-expansion/-/brace-expansion-1.1.11.tgz#3c7fcbf529d87226f3d2f52b966ff5271eb441dd"
  integrity sha512-iCuPHDFgrHX7H2vEI/5xpz07zSHB00TpugqhmYtVmMO6518mCuRMoOYFldEBl0g187ufozdaHgWKcYFb61qGiA==
  dependencies:
    balanced-match "^1.0.0"
    concat-map "0.0.1"

braces@~3.0.2:
  version "3.0.2"
  resolved "https://registry.yarnpkg.com/braces/-/braces-3.0.2.tgz#3454e1a462ee8d599e236df336cd9ea4f8afe107"
  integrity sha512-b8um+L1RzM3WDSzvhm6gIz1yfTbBt6YTlcEKAvsmqCZZFw46z626lVj9j1yEPW33H5H+lBQpZMP1k8l+78Ha0A==
  dependencies:
    fill-range "^7.0.1"

chokidar@^3.5.2:
  version "3.5.3"
  resolved "https://registry.yarnpkg.com/chokidar/-/chokidar-3.5.3.tgz#1cf37c8707b932bd1af1ae22c0432e2acd1903bd"
  integrity sha512-Dr3sfKRP6oTcjf2JmUmFJfeVMvXBdegxB0iVQ5eb2V10uFJUCAS8OByZdVAyVb8xXNz3GjjTgj9kLWsZTqE6kw==
  dependencies:
    anymatch "~3.1.2"
    braces "~3.0.2"
    glob-parent "~5.1.2"
    is-binary-path "~2.1.0"
    is-glob "~4.0.1"
    normalize-path "~3.0.0"
    readdirp "~3.6.0"
  optionalDependencies:
    fsevents "~2.3.2"

concat-map@0.0.1:
  version "0.0.1"
  resolved "https://registry.yarnpkg.com/concat-map/-/concat-map-0.0.1.tgz#d8a96bd77fd68df7793a73036a3ba0d5405d477b"
  integrity sha512-/Srv4dswyQNBfohGpz9o6Yb3Gz3SrUDqBH5rTuhGR7ahtlbYKnVxw2bCFMRljaA7EXHaXZ8wsHdodFvbkhKmqg==

debug@^3.2.7:
  version "3.2.7"
  resolved "https://registry.yarnpkg.com/debug/-/debug-3.2.7.tgz#72580b7e9145fb39b6676f9c5e5fb100b934179a"
  integrity sha512-CFjzYYAi4ThfiQvizrFQevTTXHtnCqWfe7x1AhgEscTz6ZbLbfoLRLPugTQyBth6f8ZERVUSyWHFD/7Wu4t1XQ==
  dependencies:
    ms "^2.1.1"

fast-xml-parser@4.2.5:
  version "4.2.5"
  resolved "https://registry.yarnpkg.com/fast-xml-parser/-/fast-xml-parser-4.2.5.tgz#a6747a09296a6cb34f2ae634019bf1738f3b421f"
  integrity sha512-B9/wizE4WngqQftFPmdaMYlXoJlJOYxGQOanC77fq9k8+Z0v5dDSVh+3glErdIROP//s/jgb7ZuxKfB8nVyo0g==
  dependencies:
    strnum "^1.0.5"

fill-range@^7.0.1:
  version "7.0.1"
  resolved "https://registry.yarnpkg.com/fill-range/-/fill-range-7.0.1.tgz#1919a6a7c75fe38b2c7c77e5198535da9acdda40"
  integrity sha512-qOo9F+dMUmC2Lcb4BbVvnKJxTPjCm+RRpe4gDuGrzkL7mEVl/djYSu2OdQ2Pa302N4oqkSg9ir6jaLWJ2USVpQ==
  dependencies:
    to-regex-range "^5.0.1"

fsevents@~2.3.2:
  version "2.3.3"
  resolved "https://registry.yarnpkg.com/fsevents/-/fsevents-2.3.3.tgz#cac6407785d03675a2a5e1a5305c697b347d90d6"
  integrity sha512-5xoDfX+fL7faATnagmWPpbFtwh/R77WmMMqqHGS65C3vvB0YHrgF+B1YmZ3441tMj5n63k0212XNoJwzlhffQw==

glob-parent@~5.1.2:
  version "5.1.2"
  resolved "https://registry.yarnpkg.com/glob-parent/-/glob-parent-5.1.2.tgz#869832c58034fe68a4093c17dc15e8340d8401c4"
  integrity sha512-AOIgSQCepiJYwP3ARnGx+5VnTu2HBYdzbGP45eLw1vr3zB3vZLeyed1sC9hnbcOc9/SrMyM5RPQrkGz4aS9Zow==
  dependencies:
    is-glob "^4.0.1"

has-flag@^3.0.0:
  version "3.0.0"
  resolved "https://registry.yarnpkg.com/has-flag/-/has-flag-3.0.0.tgz#b5d454dc2199ae225699f3467e5a07f3b955bafd"
  integrity sha512-sKJf1+ceQBr4SMkvQnBDNDtf4TXpVhVGateu0t918bl30FnbE2m4vNLX+VWe/dpjlb+HugGYzW7uQXH98HPEYw==

ignore-by-default@^1.0.1:
  version "1.0.1"
  resolved "https://registry.yarnpkg.com/ignore-by-default/-/ignore-by-default-1.0.1.tgz#48ca6d72f6c6a3af00a9ad4ae6876be3889e2b09"
  integrity sha512-Ius2VYcGNk7T90CppJqcIkS5ooHUZyIQK+ClZfMfMNFEF9VSE73Fq+906u/CWu92x4gzZMWOwfFYckPObzdEbA==

is-binary-path@~2.1.0:
  version "2.1.0"
  resolved "https://registry.yarnpkg.com/is-binary-path/-/is-binary-path-2.1.0.tgz#ea1f7f3b80f064236e83470f86c09c254fb45b09"
  integrity sha512-ZMERYes6pDydyuGidse7OsHxtbI7WVeUEozgR/g7rd0xUimYNlvZRE/K2MgZTjWy725IfelLeVcEM97mmtRGXw==
  dependencies:
    binary-extensions "^2.0.0"

is-extglob@^2.1.1:
  version "2.1.1"
  resolved "https://registry.yarnpkg.com/is-extglob/-/is-extglob-2.1.1.tgz#a88c02535791f02ed37c76a1b9ea9773c833f8c2"
  integrity sha512-SbKbANkN603Vi4jEZv49LeVJMn4yGwsbzZworEoyEiutsN3nJYdbO36zfhGJ6QEDpOZIFkDtnq5JRxmvl3jsoQ==

is-glob@^4.0.1, is-glob@~4.0.1:
  version "4.0.3"
  resolved "https://registry.yarnpkg.com/is-glob/-/is-glob-4.0.3.tgz#64f61e42cbbb2eec2071a9dac0b28ba1e65d5084"
  integrity sha512-xelSayHH36ZgE7ZWhli7pW34hNbNl8Ojv5KVmkJD4hBdD3th8Tfk9vYasLM+mXWOZhFkgZfxhLSnrwRr4elSSg==
  dependencies:
    is-extglob "^2.1.1"

is-number@^7.0.0:
  version "7.0.0"
  resolved "https://registry.yarnpkg.com/is-number/-/is-number-7.0.0.tgz#7535345b896734d5f80c4d06c50955527a14f12b"
  integrity sha512-41Cifkg6e8TylSpdtTpeLVMqvSBEVzTttHvERD741+pnZ8ANv0004MRL43QKPDlK9cGvNp6NZWZUBlbGXYxxng==

lru-cache@^6.0.0:
  version "6.0.0"
  resolved "https://registry.yarnpkg.com/lru-cache/-/lru-cache-6.0.0.tgz#6d6fe6570ebd96aaf90fcad1dafa3b2566db3a94"
  integrity sha512-Jo6dJ04CmSjuznwJSS3pUeWmd/H0ffTlkXXgwZi+eq1UCmqQwCh+eLsYOYCwY991i2Fah4h1BEMCx4qThGbsiA==
  dependencies:
    yallist "^4.0.0"

minimatch@^3.1.2:
  version "3.1.2"
  resolved "https://registry.yarnpkg.com/minimatch/-/minimatch-3.1.2.tgz#19cd194bfd3e428f049a70817c038d89ab4be35b"
  integrity sha512-J7p63hRiAjw1NDEww1W7i37+ByIrOWO5XQQAzZ3VOcL0PNybwpfmV/N05zFAzwQ9USyEcX6t3UO+K5aqBQOIHw==
  dependencies:
    brace-expansion "^1.1.7"

mnemonist@0.38.3:
  version "0.38.3"
  resolved "https://registry.yarnpkg.com/mnemonist/-/mnemonist-0.38.3.tgz#35ec79c1c1f4357cfda2fe264659c2775ccd7d9d"
  integrity sha512-2K9QYubXx/NAjv4VLq1d1Ly8pWNC5L3BrixtdkyTegXWJIqY+zLNDhhX/A+ZwWt70tB1S8H4BE8FLYEFyNoOBw==
  dependencies:
    obliterator "^1.6.1"

ms@^2.1.1:
  version "2.1.3"
  resolved "https://registry.yarnpkg.com/ms/-/ms-2.1.3.tgz#574c8138ce1d2b5861f0b44579dbadd60c6615b2"
  integrity sha512-6FlzubTLZG3J2a/NVCAleEhjzq5oxgHyaCU9yYXvcLsvoVaHJq/s5xXI6/XXP6tz7R9xAOtHnSO/tXtF3WRTlA==

nodemon@^3.0.1:
  version "3.0.1"
  resolved "https://registry.yarnpkg.com/nodemon/-/nodemon-3.0.1.tgz#affe822a2c5f21354466b2fc8ae83277d27dadc7"
  integrity sha512-g9AZ7HmkhQkqXkRc20w+ZfQ73cHLbE8hnPbtaFbFtCumZsjyMhKk9LajQ07U5Ux28lvFjZ5X7HvWR1xzU8jHVw==
  dependencies:
    chokidar "^3.5.2"
    debug "^3.2.7"
    ignore-by-default "^1.0.1"
    minimatch "^3.1.2"
    pstree.remy "^1.1.8"
    semver "^7.5.3"
    simple-update-notifier "^2.0.0"
    supports-color "^5.5.0"
    touch "^3.1.0"
    undefsafe "^2.0.5"

nopt@~1.0.10:
  version "1.0.10"
  resolved "https://registry.yarnpkg.com/nopt/-/nopt-1.0.10.tgz#6ddd21bd2a31417b92727dd585f8a6f37608ebee"
  integrity sha512-NWmpvLSqUrgrAC9HCuxEvb+PSloHpqVu+FqcO4eeF2h5qYRhA7ev6KvelyQAKtegUbC6RypJnlEOhd8vloNKYg==
  dependencies:
    abbrev "1"

normalize-path@^3.0.0, normalize-path@~3.0.0:
  version "3.0.0"
  resolved "https://registry.yarnpkg.com/normalize-path/-/normalize-path-3.0.0.tgz#0dcd69ff23a1c9b11fd0978316644a0388216a65"
  integrity sha512-6eZs5Ls3WtCisHWp9S2GUy8dqkpGi4BVSz3GaqiE6ezub0512ESztXUwUB6C6IKbQkY2Pnb/mD4WYojCRwcwLA==

obliterator@^1.6.1:
  version "1.6.1"
  resolved "https://registry.yarnpkg.com/obliterator/-/obliterator-1.6.1.tgz#dea03e8ab821f6c4d96a299e17aef6a3af994ef3"
  integrity sha512-9WXswnqINnnhOG/5SLimUlzuU1hFJUc8zkwyD59Sd+dPOMf05PmnYG/d6Q7HZ+KmgkZJa1PxRso6QdM3sTNHig==

picomatch@^2.0.4, picomatch@^2.2.1:
  version "2.3.1"
  resolved "https://registry.yarnpkg.com/picomatch/-/picomatch-2.3.1.tgz#3ba3833733646d9d3e4995946c1365a67fb07a42"
  integrity sha512-JU3teHTNjmE2VCGFzuY8EXzCDVwEqB2a8fsIvwaStHhAWJEeVd1o1QD80CU6+ZdEXXSLbSsuLwJjkCBWqRQUVA==

pstree.remy@^1.1.8:
  version "1.1.8"
  resolved "https://registry.yarnpkg.com/pstree.remy/-/pstree.remy-1.1.8.tgz#c242224f4a67c21f686839bbdb4ac282b8373d3a"
  integrity sha512-77DZwxQmxKnu3aR542U+X8FypNzbfJ+C5XQDk3uWjWxn6151aIMGthWYRXTqT1E5oJvg+ljaa2OJi+VfvCOQ8w==

readdirp@~3.6.0:
  version "3.6.0"
  resolved "https://registry.yarnpkg.com/readdirp/-/readdirp-3.6.0.tgz#74a370bd857116e245b29cc97340cd431a02a6c7"
  integrity sha512-hOS089on8RduqdbhvQ5Z37A0ESjsqz6qnRcffsMU3495FuTdqSm+7bhJ29JvIOsBDEEnan5DPu9t3To9VRlMzA==
  dependencies:
    picomatch "^2.2.1"

semver@^7.5.3:
  version "7.5.4"
  resolved "https://registry.yarnpkg.com/semver/-/semver-7.5.4.tgz#483986ec4ed38e1c6c48c34894a9182dbff68a6e"
  integrity sha512-1bCSESV6Pv+i21Hvpxp3Dx+pSD8lIPt8uVjRrxAUt/nbswYc+tK6Y2btiULjd4+fnq15PX+nqQDC7Oft7WkwcA==
  dependencies:
    lru-cache "^6.0.0"

simple-update-notifier@^2.0.0:
  version "2.0.0"
  resolved "https://registry.yarnpkg.com/simple-update-notifier/-/simple-update-notifier-2.0.0.tgz#d70b92bdab7d6d90dfd73931195a30b6e3d7cebb"
  integrity sha512-a2B9Y0KlNXl9u/vsW6sTIu9vGEpfKu2wRV6l1H3XEas/0gUIzGzBoP/IouTcUQbm9JWZLH3COxyn03TYlFax6w==
  dependencies:
    semver "^7.5.3"

strnum@^1.0.5:
  version "1.0.5"
  resolved "https://registry.yarnpkg.com/strnum/-/strnum-1.0.5.tgz#5c4e829fe15ad4ff0d20c3db5ac97b73c9b072db"
  integrity sha512-J8bbNyKKXl5qYcR36TIO8W3mVGVHrmmxsd5PAItGkmyzwJvybiw2IVq5nqd0i4LSNSkB/sx9VHllbfFdr9k1JA==

supports-color@^5.5.0:
  version "5.5.0"
  resolved "https://registry.yarnpkg.com/supports-color/-/supports-color-5.5.0.tgz#e2e69a44ac8772f78a1ec0b35b689df6530efc8f"
  integrity sha512-QjVjwdXIt408MIiAqCX4oUKsgU2EqAGzs2Ppkm4aQYbjm+ZEWEcW4SfFNTr4uMNZma0ey4f5lgLrkB0aX0QMow==
  dependencies:
    has-flag "^3.0.0"

to-regex-range@^5.0.1:
  version "5.0.1"
  resolved "https://registry.yarnpkg.com/to-regex-range/-/to-regex-range-5.0.1.tgz#1648c44aae7c8d988a326018ed72f5b4dd0392e4"
  integrity sha512-65P7iz6X5yEr1cwcgvQxbbIw7Uk3gOy5dIdtZ4rDveLqhrdJP+Li/Hx6tyK0NEb+2GCyneCMJiGqrADCSNk8sQ==
  dependencies:
    is-number "^7.0.0"

touch@^3.1.0:
  version "3.1.0"
  resolved "https://registry.yarnpkg.com/touch/-/touch-3.1.0.tgz#fe365f5f75ec9ed4e56825e0bb76d24ab74af83b"
  integrity sha512-WBx8Uy5TLtOSRtIq+M03/sKDrXCLHxwDcquSP2c43Le03/9serjQBIztjRz6FkJez9D/hleyAXTBGLwwZUw9lA==
  dependencies:
    nopt "~1.0.10"

tslib@^1.11.1:
  version "1.14.1"
  resolved "https://registry.yarnpkg.com/tslib/-/tslib-1.14.1.tgz#cf2d38bdc34a134bcaf1091c41f6619e2f672d00"
  integrity sha512-Xni35NKzjgMrwevysHTCArtLDpPvye8zV/0E4EyYn43P7/7qvQwPh9BGkHewbMulVntbigmcT7rdX3BNo9wRJg==

tslib@^2.3.1, tslib@^2.5.0:
  version "2.6.2"
  resolved "https://registry.yarnpkg.com/tslib/-/tslib-2.6.2.tgz#703ac29425e7b37cd6fd456e92404d46d1f3e4ae"
  integrity sha512-AEYxH93jGFPn/a2iVAwW87VuUIkR1FVUKB77NwMF7nBTDkDrrT/Hpt/IrCJ0QXhW27jTBDcf5ZY7w6RiqTMw2Q==

undefsafe@^2.0.5:
  version "2.0.5"
  resolved "https://registry.yarnpkg.com/undefsafe/-/undefsafe-2.0.5.tgz#38733b9327bdcd226db889fb723a6efd162e6e2c"
  integrity sha512-WxONCrssBM8TSPRqN5EmsjVrsv4A8X12J4ArBiiayv3DyyG3ZlIg6yysuuSYdZsVz3TKcTg2fd//Ujd4CHV1iA==

uuid@^8.3.2:
  version "8.3.2"
  resolved "https://registry.yarnpkg.com/uuid/-/uuid-8.3.2.tgz#80d5b5ced271bb9af6c445f21a1a04c606cefbe2"
  integrity sha512-+NYs2QeMWy+GWFOEm9xnn6HCDp0l7QBD7ml8zLUmJ+93Q5NF0NocErnwkTkXVFNiX3/fpC6afS8Dhb/gz7R7eg==

yallist@^4.0.0:
  version "4.0.0"
  resolved "https://registry.yarnpkg.com/yallist/-/yallist-4.0.0.tgz#9bb92790d9c0effec63be73519e11a35019a3a72"
  integrity sha512-3wdGidZyq5PB084XLES5TpOSRA3wjXAlIWMhum2kRcv/41Sn2emQ0dycQW4uZXLejwKvg6EsvbdlVL+FYEct7A==
